hash: 4d1628a255389c6b8cb55bf5d7ee817dda5ddafc113b4baee23b43919f0f4cec
updated: 2016-11-20T18:11:51.769480664-08:00
imports:
- name: github.com/naoina/go-stringutil
  version: 6b638e95a32d0c1131db0e7fe83775cbea4a0d0b
- name: github.com/naoina/toml
  version: 751171607256bb66e64c9f0220c00662420c38e9
  subpackages:
  - ast
- name: github.com/russross/blackfriday
  version: 5f33e7b7878355cd2b7e6b8eefc48a5472c69f70
- name: github.com/shurcooL/sanitized_anchor_name
  version: 1dba4b3954bc059efc3991ec364f9f9a35f597d2
testImports:
- name: gopkg.in/tylerb/is.v1
  version: 18dbf8347a9045703d5b4f669f4a305980b5b6b0
